// !$*UTF8*$!
{
	archiveVersion = 1;
	classes = {
	};
	objectVersion = 46;
	objects = {

/* Begin PBXBuildFile section */
		1FD69FB31CE4BD3400624986 /* AppDelegate.swift in Sources */ = {isa = PBXBuildFile; fileRef = 1FD69FB21CE4BD3400624986 /* AppDelegate.swift */; };
		1FD69FB51CE4BD3400624986 /* ViewController.swift in Sources */ = {isa = PBXBuildFile; fileRef = 1FD69FB41CE4BD3400624986 /* ViewController.swift */; };
		1FD69FB81CE4BD3400624986 /* Main.storyboard in Resources */ = {isa = PBXBuildFile; fileRef = 1FD69FB61CE4BD3400624986 /* Main.storyboard */; };
		1FD69FBA1CE4BD3400624986 /* Assets.xcassets in Resources */ = {isa = PBXBuildFile; fileRef = 1FD69FB91CE4BD3400624986 /* Assets.xcassets */; };
		1FD69FBD1CE4BD3400624986 /* LaunchScreen.storyboard in Resources */ = {isa = PBXBuildFile; fileRef = 1FD69FBB1CE4BD3400624986 /* LaunchScreen.storyboard */; };
		1FD69FC81CE4BD3400624986 /* MatchingGameTests.swift in Sources */ = {isa = PBXBuildFile; fileRef = 1FD69FC71CE4BD3400624986 /* MatchingGameTests.swift */; };
		1FD69FD31CE4BD3400624986 /* MatchingGameUITests.swift in Sources */ = {isa = PBXBuildFile; fileRef = 1FD69FD21CE4BD3400624986 /* MatchingGameUITests.swift */; };
		1FD69FF91CE4D47600624986 /* clock15.png in Resources */ = {isa = PBXBuildFile; fileRef = 1FD69FE51CE4D47600624986 /* clock15.png */; };
		1FD69FFA1CE4D47600624986 /* hbtb (9)s960x639.jpg in Resources */ = {isa = PBXBuildFile; fileRef = 1FD69FE61CE4D47600624986 /* hbtb (9)s960x639.jpg */; };
		1FD69FFB1CE4D47600624986 /* like-vector.png in Resources */ = {isa = PBXBuildFile; fileRef = 1FD69FE71CE4D47600624986 /* like-vector.png */; };
		1FD69FFC1CE4D47600624986 /* u=1167798944,1066537703&fm=21&gp=0.png in Resources */ = {isa = PBXBuildFile; fileRef = 1FD69FE81CE4D47600624986 /* u=1167798944,1066537703&fm=21&gp=0.png */; };
		1FD69FFD1CE4D47600624986 /* u=1265944701,2503118618&fm=21&gp=0.jpg in Resources */ = {isa = PBXBuildFile; fileRef = 1FD69FE91CE4D47600624986 /* u=1265944701,2503118618&fm=21&gp=0.jpg */; };
		1FD69FFE1CE4D47600624986 /* u=2223968025,882523639&fm=21&gp=0.png in Resources */ = {isa = PBXBuildFile; fileRef = 1FD69FEA1CE4D47600624986 /* u=2223968025,882523639&fm=21&gp=0.png */; };
		1FD69FFF1CE4D47600624986 /* u=2290101684,3884154322&fm=21&gp=0.jpg in Resources */ = {isa = PBXBuildFile; fileRef = 1FD69FEB1CE4D47600624986 /* u=2290101684,3884154322&fm=21&gp=0.jpg */; };
		1FD6A0001CE4D47600624986 /* u=3482484789,1922437488&fm=21&gp=0.jpg in Resources */ = {isa = PBXBuildFile; fileRef = 1FD69FEC1CE4D47600624986 /* u=3482484789,1922437488&fm=21&gp=0.jpg */; };
		1FD6A0011CE4D47600624986 /* u=3683365877,3058492950&fm=21&gp=0.png in Resources */ = {isa = PBXBuildFile; fileRef = 1FD69FED1CE4D47600624986 /* u=3683365877,3058492950&fm=21&gp=0.png */; };
		1FD6A0021CE4D47600624986 /* u=3783833303,4105890529&fm=21&gp=0.png in Resources */ = {isa = PBXBuildFile; fileRef = 1FD69FEE1CE4D47600624986 /* u=3783833303,4105890529&fm=21&gp=0.png */; };
		1FD6A0031CE4D47600624986 /* u=3804313873,4117119214&fm=21&gp=0.jpg in Resources */ = {isa = PBXBuildFile; fileRef = 1FD69FEF1CE4D47600624986 /* u=3804313873,4117119214&fm=21&gp=0.jpg */; };
		1FD6A0041CE4D47600624986 /* u=4232403020,3212536642&fm=21&gp=0.png in Resources */ = {isa = PBXBuildFile; fileRef = 1FD69FF01CE4D47600624986 /* u=4232403020,3212536642&fm=21&gp=0.png */; };
		1FD6A0051CE4D47600624986 /* u=436783986,520336236&fm=21&gp=0.jpg in Resources */ = {isa = PBXBuildFile; fileRef = 1FD69FF11CE4D47600624986 /* u=436783986,520336236&fm=21&gp=0.jpg */; };
		1FD6A0061CE4D47600624986 /* u=783931923,3101953555&fm=21&gp=0.png in Resources */ = {isa = PBXBuildFile; fileRef = 1FD69FF21CE4D47600624986 /* u=783931923,3101953555&fm=21&gp=0.png */; };
		1FD6A0071CE4D47600624986 /* wine_bottle.png in Resources */ = {isa = PBXBuildFile; fileRef = 1FD69FF31CE4D47600624986 /* wine_bottle.png */; };
		1FD6A0081CE4D47600624986 /* zoom-in-vector.png in Resources */ = {isa = PBXBuildFile; fileRef = 1FD69FF41CE4D47600624986 /* zoom-in-vector.png */; };
		1FD6A0091CE4D47600624986 /* 灰.jpg in Resources */ = {isa = PBXBuildFile; fileRef = 1FD69FF51CE4D47600624986 /* 灰.jpg */; };
		1FD6A00A1CE4D47600624986 /* 背景1.png in Resources */ = {isa = PBXBuildFile; fileRef = 1FD69FF61CE4D47600624986 /* 背景1.png */; };
		1FD6A00B1CE4D47600624986 /* 背景2.jpg in Resources */ = {isa = PBXBuildFile; fileRef = 1FD69FF71CE4D47600624986 /* 背景2.jpg */; };
		1FD6A00C1CE4D47600624986 /* 背景3.jpg in Resources */ = {isa = PBXBuildFile; fileRef = 1FD69FF81CE4D47600624986 /* 背景3.jpg */; };
/* End PBXBuildFile section */

/* Begin PBXContainerItemProxy section */
		1FD69FC41CE4BD3400624986 /* PBXContainerItemProxy */ = {
			isa = PBXContainerItemProxy;
			containerPortal = 1FD69FA71CE4BD3400624986 /* Project object */;
			proxyType = 1;
			remoteGlobalIDString = 1FD69FAE1CE4BD3400624986;
			remoteInfo = MatchingGame;
		};
		1FD69FCF1CE4BD3400624986 /* PBXContainerItemProxy */ = {
			isa = PBXContainerItemProxy;
			containerPortal = 1FD69FA71CE4BD3400624986 /* Project object */;
			proxyType = 1;
			remoteGlobalIDString = 1FD69FAE1CE4BD3400624986;
			remoteInfo = MatchingGame;
		};
/* End PBXContainerItemProxy section */

/* Begin PBXFileReference section */
		1FD69FAF1CE4BD3400624986 /* MatchingGame.app */ = {isa = PBXFileReference; explicitFileType = wrapper.application; includeInIndex = 0; path = MatchingGame.app; sourceTree = BUILT_PRODUCTS_DIR; };
		1FD69FB21CE4BD3400624986 /* AppDelegate.swift */ = {isa = PBXFileReference; lastKnownFileType = sourcecode.swift; path = AppDelegate.swift; sourceTree = "<group>"; };
		1FD69FB41CE4BD3400624986 /* ViewController.swift */ = {isa = PBXFileReference; lastKnownFileType = sourcecode.swift; path = ViewController.swift; sourceTree = "<group>"; };
		1FD69FB71CE4BD3400624986 /* Base */ = {isa = PBXFileReference; lastKnownFileType = file.storyboard; name = Base; path = Base.lproj/Main.storyboard; sourceTree = "<group>"; };
		1FD69FB91CE4BD3400624986 /* Assets.xcassets */ = {isa = PBXFileReference; lastKnownFileType = folder.assetcatalog; path = Assets.xcassets; sourceTree = "<group>"; };
		1FD69FBC1CE4BD3400624986 /* Base */ = {isa = PBXFileReference; lastKnownFileType = file.storyboard; name = Base; path = Base.lproj/LaunchScreen.storyboard; sourceTree = "<group>"; };
		1FD69FBE1CE4BD3400624986 /* Info.plist */ = {isa = PBXFileReference; lastKnownFileType = text.plist.xml; path = Info.plist; sourceTree = "<group>"; };
		1FD69FC31CE4BD3400624986 /* MatchingGameTests.xctest */ = {isa = PBXFileReference; explicitFileType = wrapper.cfbundle; includeInIndex = 0; path = MatchingGameTests.xctest; sourceTree = BUILT_PRODUCTS_DIR; };
		1FD69FC71CE4BD3400624986 /* MatchingGameTests.swift */ = {isa = PBXFileReference; lastKnownFileType = sourcecode.swift; path = MatchingGameTests.swift; sourceTree = "<group>"; };
		1FD69FC91CE4BD3400624986 /* Info.plist */ = {isa = PBXFileReference; lastKnownFileType = text.plist.xml; path = Info.plist; sourceTree = "<group>"; };
		1FD69FCE1CE4BD3400624986 /* MatchingGameUITests.xctest */ = {isa = PBXFileReference; explicitFileType = wrapper.cfbundle; includeInIndex = 0; path = MatchingGameUITests.xctest; sourceTree = BUILT_PRODUCTS_DIR; };
		1FD69FD21CE4BD3400624986 /* MatchingGameUITests.swift */ = {isa = PBXFileReference; lastKnownFileType = sourcecode.swift; path = MatchingGameUITests.swift; sourceTree = "<group>"; };
		1FD69FD41CE4BD3400624986 /* Info.plist */ = {isa = PBXFileReference; lastKnownFileType = text.plist.xml; path = Info.plist; sourceTree = "<group>"; };
		1FD69FE51CE4D47600624986 /* clock15.png */ = {isa = PBXFileReference; lastKnownFileType = image.png; path = clock15.png; sourceTree = "<group>"; };
		1FD69FE61CE4D47600624986 /* hbtb (9)s960x639.jpg */ = {isa = PBXFileReference; lastKnownFileType = image.jpeg; path = "hbtb (9)s960x639.jpg"; sourceTree = "<group>"; };
		1FD69FE71CE4D47600624986 /* like-vector.png */ = {isa = PBXFileReference; lastKnownFileType = image.png; path = "like-vector.png"; sourceTree = "<group>"; };
		1FD69FE81CE4D47600624986 /* u=1167798944,1066537703&fm=21&gp=0.png */ = {isa = PBXFileReference; lastKnownFileType = image.png; path = "u=1167798944,1066537703&fm=21&gp=0.png"; sourceTree = "<group>"; };
		1FD69FE91CE4D47600624986 /* u=1265944701,2503118618&fm=21&gp=0.jpg */ = {isa = PBXFileReference; lastKnownFileType = image.jpeg; path = "u=1265944701,2503118618&fm=21&gp=0.jpg"; sourceTree = "<group>"; };
		1FD69FEA1CE4D47600624986 /* u=2223968025,882523639&fm=21&gp=0.png */ = {isa = PBXFileReference; lastKnownFileType = image.png; path = "u=2223968025,882523639&fm=21&gp=0.png"; sourceTree = "<group>"; };
		1FD69FEB1CE4D47600624986 /* u=2290101684,3884154322&fm=21&gp=0.jpg */ = {isa = PBXFileReference; lastKnownFileType = image.jpeg; path = "u=2290101684,3884154322&fm=21&gp=0.jpg"; sourceTree = "<group>"; };
		1FD69FEC1CE4D47600624986 /* u=3482484789,1922437488&fm=21&gp=0.jpg */ = {isa = PBXFileReference; lastKnownFileType = image.jpeg; path = "u=3482484789,1922437488&fm=21&gp=0.jpg"; sourceTree = "<group>"; };
		1FD69FED1CE4D47600624986 /* u=3683365877,3058492950&fm=21&gp=0.png */ = {isa = PBXFileReference; lastKnownFileType = image.png; path = "u=3683365877,3058492950&fm=21&gp=0.png"; sourceTree = "<group>"; };
		1FD69FEE1CE4D47600624986 /* u=3783833303,4105890529&fm=21&gp=0.png */ = {isa = PBXFileReference; lastKnownFileType = image.png; path = "u=3783833303,4105890529&fm=21&gp=0.png"; sourceTree = "<group>"; };
		1FD69FEF1CE4D47600624986 /* u=3804313873,4117119214&fm=21&gp=0.jpg */ = {isa = PBXFileReference; lastKnownFileType = image.jpeg; path = "u=3804313873,4117119214&fm=21&gp=0.jpg"; sourceTree = "<group>"; };
		1FD69FF01CE4D47600624986 /* u=4232403020,3212536642&fm=21&gp=0.png */ = {isa = PBXFileReference; lastKnownFileType = image.png; path = "u=4232403020,3212536642&fm=21&gp=0.png"; sourceTree = "<group>"; };
		1FD69FF11CE4D47600624986 /* u=436783986,520336236&fm=21&gp=0.jpg */ = {isa = PBXFileReference; lastKnownFileType = image.jpeg; path = "u=436783986,520336236&fm=21&gp=0.jpg"; sourceTree = "<group>"; };
		1FD69FF21CE4D47600624986 /* u=783931923,3101953555&fm=21&gp=0.png */ = {isa = PBXFileReference; lastKnownFileType = image.png; path = "u=783931923,3101953555&fm=21&gp=0.png"; sourceTree = "<group>"; };
		1FD69FF31CE4D47600624986 /* wine_bottle.png */ = {isa = PBXFileReference; lastKnownFileType = image.png; path = wine_bottle.png; sourceTree = "<group>"; };
		1FD69FF41CE4D47600624986 /* zoom-in-vector.png */ = {isa = PBXFileReference; lastKnownFileType = image.png; path = "zoom-in-vector.png"; sourceTree = "<group>"; };
		1FD69FF51CE4D47600624986 /* 灰.jpg */ = {isa = PBXFileReference; lastKnownFileType = image.jpeg; path = "灰.jpg"; sourceTree = "<group>"; };
		1FD69FF61CE4D47600624986 /* 背景1.png */ = {isa = PBXFileReference; lastKnownFileType = image.png; path = "背景1.png"; sourceTree = "<group>"; };
		1FD69FF71CE4D47600624986 /* 背景2.jpg */ = {isa = PBXFileReference; lastKnownFileType = image.jpeg; path = "背景2.jpg"; sourceTree = "<group>"; };
		1FD69FF81CE4D47600624986 /* 背景3.jpg */ = {isa = PBXFileReference; lastKnownFileType = image.jpeg; path = "背景3.jpg"; sourceTree = "<group>"; };
/* End PBXFileReference section */

/* Begin PBXFrameworksBuildPhase section */
		1FD69FAC1CE4BD3400624986 /* Frameworks */ = {
			isa = PBXFrameworksBuildPhase;
			buildActionMask = 2147483647;
			files = (
			);
			runOnlyForDeploymentPostprocessing = 0;
		};
		1FD69FC01CE4BD3400624986 /* Frameworks */ = {
			isa = PBXFrameworksBuildPhase;
			buildActionMask = 2147483647;
			files = (
			);
			runOnlyForDeploymentPostprocessing = 0;
		};
		1FD69FCB1CE4BD3400624986 /* Frameworks */ = {
			isa = PBXFrameworksBuildPhase;
			buildActionMask = 2147483647;
			files = (
			);
			runOnlyForDeploymentPostprocessing = 0;
		};
/* End PBXFrameworksBuildPhase section */

/* Begin PBXGroup section */
		1FD69FA61CE4BD3400624986 = {
			isa = PBXGroup;
			children = (
				1FD69FB11CE4BD3400624986 /* MatchingGame */,
				1FD69FC61CE4BD3400624986 /* MatchingGameTests */,
				1FD69FD11CE4BD3400624986 /* MatchingGameUITests */,
				1FD69FB01CE4BD3400624986 /* Products */,
			);
			sourceTree = "<group>";
		};
		1FD69FB01CE4BD3400624986 /* Products */ = {
			isa = PBXGroup;
			children = (
				1FD69FAF1CE4BD3400624986 /* MatchingGame.app */,
				1FD69FC31CE4BD3400624986 /* MatchingGameTests.xctest */,
				1FD69FCE1CE4BD3400624986 /* MatchingGameUITests.xctest */,
			);
			name = Products;
			sourceTree = "<group>";
		};
		1FD69FB11CE4BD3400624986 /* MatchingGame */ = {
			isa = PBXGroup;
			children = (
				1FD69FE41CE4D47600624986 /* MatchingGame image */,
				1FD69FB21CE4BD3400624986 /* AppDelegate.swift */,
				1FD69FB41CE4BD3400624986 /* ViewController.swift */,
				1FD69FB61CE4BD3400624986 /* Main.storyboard */,
				1FD69FB91CE4BD3400624986 /* Assets.xcassets */,
				1FD69FBB1CE4BD3400624986 /* LaunchScreen.storyboard */,
				1FD69FBE1CE4BD3400624986 /* Info.plist */,
			);
			path = MatchingGame;
			sourceTree = "<group>";
		};
		1FD69FC61CE4BD3400624986 /* MatchingGameTests */ = {
			isa = PBXGroup;
			children = (
				1FD69FC71CE4BD3400624986 /* MatchingGameTests.swift */,
				1FD69FC91CE4BD3400624986 /* Info.plist */,
			);
			path = MatchingGameTests;
			sourceTree = "<group>";
		};
		1FD69FD11CE4BD3400624986 /* MatchingGameUITests */ = {
			isa = PBXGroup;
			children = (
				1FD69FD21CE4BD3400624986 /* MatchingGameUITests.swift */,
				1FD69FD41CE4BD3400624986 /* Info.plist */,
			);
			path = MatchingGameUITests;
			sourceTree = "<group>";
		};
		1FD69FE41CE4D47600624986 /* MatchingGame image */ = {
			isa = PBXGroup;
			children = (
				1FD69FE51CE4D47600624986 /* clock15.png */,
				1FD69FE61CE4D47600624986 /* hbtb (9)s960x639.jpg */,
				1FD69FE71CE4D47600624986 /* like-vector.png */,
				1FD69FE81CE4D47600624986 /* u=1167798944,1066537703&fm=21&gp=0.png */,
				1FD69FE91CE4D47600624986 /* u=1265944701,2503118618&fm=21&gp=0.jpg */,
				1FD69FEA1CE4D47600624986 /* u=2223968025,882523639&fm=21&gp=0.png */,
				1FD69FEB1CE4D47600624986 /* u=2290101684,3884154322&fm=21&gp=0.jpg */,
				1FD69FEC1CE4D47600624986 /* u=3482484789,1922437488&fm=21&gp=0.jpg */,
				1FD69FED1CE4D47600624986 /* u=3683365877,3058492950&fm=21&gp=0.png */,
				1FD69FEE1CE4D47600624986 /* u=3783833303,4105890529&fm=21&gp=0.png */,
				1FD69FEF1CE4D47600624986 /* u=3804313873,4117119214&fm=21&gp=0.jpg */,
				1FD69FF01CE4D47600624986 /* u=4232403020,3212536642&fm=21&gp=0.png */,
				1FD69FF11CE4D47600624986 /* u=436783986,520336236&fm=21&gp=0.jpg */,
				1FD69FF21CE4D47600624986 /* u=783931923,3101953555&fm=21&gp=0.png */,
				1FD69FF31CE4D47600624986 /* wine_bottle.png */,
				1FD69FF41CE4D47600624986 /* zoom-in-vector.png */,
				1FD69FF51CE4D47600624986 /* 灰.jpg */,
				1FD69FF61CE4D47600624986 /* 背景1.png */,
				1FD69FF71CE4D47600624986 /* 背景2.jpg */,
				1FD69FF81CE4D47600624986 /* 背景3.jpg */,
			);
			path = "MatchingGame image";
			sourceTree = "<group>";
		};
/* End PBXGroup section */

/* Begin PBXNativeTarget section */
		1FD69FAE1CE4BD3400624986 /* MatchingGame */ = {
			isa = PBXNativeTarget;
			buildConfigurationList = 1FD69FD71CE4BD3400624986 /* Build configuration list for PBXNativeTarget "MatchingGame" */;
			buildPhases = (
				1FD69FAB1CE4BD3400624986 /* Sources */,
				1FD69FAC1CE4BD3400624986 /* Frameworks */,
				1FD69FAD1CE4BD3400624986 /* Resources */,
			);
			buildRules = (
			);
			dependencies = (
			);
			name = MatchingGame;
			productName = MatchingGame;
			productReference = 1FD69FAF1CE4BD3400624986 /* MatchingGame.app */;
			productType = "com.apple.product-type.application";
		};
		1FD69FC21CE4BD3400624986 /* MatchingGameTests */ = {
			isa = PBXNativeTarget;
			buildConfigurationList = 1FD69FDA1CE4BD3400624986 /* Build configuration list for PBXNativeTarget "MatchingGameTests" */;
			buildPhases = (
				1FD69FBF1CE4BD3400624986 /* Sources */,
				1FD69FC01CE4BD3400624986 /* Frameworks */,
				1FD69FC11CE4BD3400624986 /* Resources */,
			);
			buildRules = (
			);
			dependencies = (
				1FD69FC51CE4BD3400624986 /* PBXTargetDependency */,
			);
			name = MatchingGameTests;
			productName = MatchingGameTests;
			productReference = 1FD69FC31CE4BD3400624986 /* MatchingGameTests.xctest */;
			productType = "com.apple.product-type.bundle.unit-test";
		};
		1FD69FCD1CE4BD3400624986 /* MatchingGameUITests */ = {
			isa = PBXNativeTarget;
			buildConfigurationList = 1FD69FDD1CE4BD3400624986 /* Build configuration list for PBXNativeTarget "MatchingGameUITests" */;
			buildPhases = (
				1FD69FCA1CE4BD3400624986 /* Sources */,
				1FD69FCB1CE4BD3400624986 /* Frameworks */,
				1FD69FCC1CE4BD3400624986 /* Resources */,
			);
			buildRules = (
			);
			dependencies = (
				1FD69FD01CE4BD3400624986 /* PBXTargetDependency */,
			);
			name = MatchingGameUITests;
			productName = MatchingGameUITests;
			productReference = 1FD69FCE1CE4BD3400624986 /* MatchingGameUITests.xctest */;
			productType = "com.apple.product-type.bundle.ui-testing";
		};
/* End PBXNativeTarget section */

/* Begin PBXProject section */
		1FD69FA71CE4BD3400624986 /* Project object */ = {
			isa = PBXProject;
			attributes = {
				LastSwiftUpdateCheck = 0730;
				LastUpgradeCheck = 0730;
				ORGANIZATIONNAME = "刘孟轩";
				TargetAttributes = {
					1FD69FAE1CE4BD3400624986 = {
						CreatedOnToolsVersion = 7.3;
					};
					1FD69FC21CE4BD3400624986 = {
						CreatedOnToolsVersion = 7.3;
						TestTargetID = 1FD69FAE1CE4BD3400624986;
					};
					1FD69FCD1CE4BD3400624986 = {
						CreatedOnToolsVersion = 7.3;
						TestTargetID = 1FD69FAE1CE4BD3400624986;
					};
				};
			};
			buildConfigurationList = 1FD69FAA1CE4BD3400624986 /* Build configuration list for PBXProject "MatchingGame" */;
			compatibilityVersion = "Xcode 3.2";
			developmentRegion = English;
			hasScannedForEncodings = 0;
			knownRegions = (
				en,
				Base,
			);
			mainGroup = 1FD69FA61CE4BD3400624986;
			productRefGroup = 1FD69FB01CE4BD3400624986 /* Products */;
			projectDirPath = "";
			projectRoot = "";
			targets = (
				1FD69FAE1CE4BD3400624986 /* MatchingGame */,
				1FD69FC21CE4BD3400624986 /* MatchingGameTests */,
				1FD69FCD1CE4BD3400624986 /* MatchingGameUITests */,
			);
		};
/* End PBXProject section */

/* Begin PBXResourcesBuildPhase section */
		1FD69FAD1CE4BD3400624986 /* Resources */ = {
			isa = PBXResourcesBuildPhase;
			buildActionMask = 2147483647;
			files = (
				1FD69FFD1CE4D47600624986 /* u=1265944701,2503118618&fm=21&gp=0.jpg in Resources */,
				1FD69FFF1CE4D47600624986 /* u=2290101684,3884154322&fm=21&gp=0.jpg in Resources */,
				1FD6A0021CE4D47600624986 /* u=3783833303,4105890529&fm=21&gp=0.png in Resources */,
				1FD69FFA1CE4D47600624986 /* hbtb (9)s960x639.jpg in Resources */,
				1FD6A00C1CE4D47600624986 /* 背景3.jpg in Resources */,
				1FD6A0011CE4D47600624986 /* u=3683365877,3058492950&fm=21&gp=0.png in Resources */,
				1FD6A0031CE4D47600624986 /* u=3804313873,4117119214&fm=21&gp=0.jpg in Resources */,
				1FD69FF91CE4D47600624986 /* clock15.png in Resources */,
				1FD69FFE1CE4D47600624986 /* u=2223968025,882523639&fm=21&gp=0.png in Resources */,
				1FD6A0051CE4D47600624986 /* u=436783986,520336236&fm=21&gp=0.jpg in Resources */,
				1FD6A0081CE4D47600624986 /* zoom-in-vector.png in Resources */,
				1FD6A0041CE4D47600624986 /* u=4232403020,3212536642&fm=21&gp=0.png in Resources */,
				1FD6A0071CE4D47600624986 /* wine_bottle.png in Resources */,
				1FD69FBD1CE4BD3400624986 /* LaunchScreen.storyboard in Resources */,
				1FD6A0061CE4D47600624986 /* u=783931923,3101953555&fm=21&gp=0.png in Resources */,
				1FD69FFC1CE4D47600624986 /* u=1167798944,1066537703&fm=21&gp=0.png in Resources */,
				1FD6A00A1CE4D47600624986 /* 背景1.png in Resources */,
				1FD69FBA1CE4BD3400624986 /* Assets.xcassets in Resources */,
				1FD6A0091CE4D47600624986 /* 灰.jpg in Resources */,
				1FD69FB81CE4BD3400624986 /* Main.storyboard in Resources */,
				1FD6A00B1CE4D47600624986 /* 背景2.jpg in Resources */,
				1FD6A0001CE4D47600624986 /* u=3482484789,1922437488&fm=21&gp=0.jpg in Resources */,
				1FD69FFB1CE4D47600624986 /* like-vector.png in Resources */,
			);
			runOnlyForDeploymentPostprocessing = 0;
		};
		1FD69FC11CE4BD3400624986 /* Resources */ = {
			isa = PBXResourcesBuildPhase;
			buildActionMask = 2147483647;
			files = (
			);
			runOnlyForDeploymentPostprocessing = 0;
		};
		1FD69FCC1CE4BD3400624986 /* Resources */ = {
			isa = PBXResourcesBuildPhase;
			buildActionMask = 2147483647;
			files = (
			);
			runOnlyForDeploymentPostprocessing = 0;
		};
/* End PBXResourcesBuildPhase section */

/* Begin PBXSourcesBuildPhase section */
		1FD69FAB1CE4BD3400624986 /* Sources */ = {
			isa = PBXSourcesBuildPhase;
			buildActionMask = 2147483647;
			files = (
				1FD69FB51CE4BD3400624986 /* ViewController.swift in Sources */,
				1FD69FB31CE4BD3400624986 /* AppDelegate.swift in Sources */,
			);
			runOnlyForDeploymentPostprocessing = 0;
		};
		1FD69FBF1CE4BD3400624986 /* Sources */ = {
			isa = PBXSourcesBuildPhase;
			buildActionMask = 2147483647;
			files = (
				1FD69FC81CE4BD3400624986 /* MatchingGameTests.swift in Sources */,
			);
			runOnlyForDeploymentPostprocessing = 0;
		};
		1FD69FCA1CE4BD3400624986 /* Sources */ = {
			isa = PBXSourcesBuildPhase;
			buildActionMask = 2147483647;
			files = (
				1FD69FD31CE4BD3400624986 /* MatchingGameUITests.swift in Sources */,
			);
			runOnlyForDeploymentPostprocessing = 0;
		};
/* End PBXSourcesBuildPhase section */

/* Begin PBXTargetDependency section */
		1FD69FC51CE4BD3400624986 /* PBXTargetDependency */ = {
			isa = PBXTargetDependency;
			target = 1FD69FAE1CE4BD3400624986 /* MatchingGame */;
			targetProxy = 1FD69FC41CE4BD3400624986 /* PBXContainerItemProxy */;
		};
		1FD69FD01CE4BD3400624986 /* PBXTargetDependency */ = {
			isa = PBXTargetDependency;
			target = 1FD69FAE1CE4BD3400624986 /* MatchingGame */;
			targetProxy = 1FD69FCF1CE4BD3400624986 /* PBXContainerItemProxy */;
		};
/* End PBXTargetDependency section */

/* Begin PBXVariantGroup section */
		1FD69FB61CE4BD3400624986 /* Main.storyboard */ = {
			isa = PBXVariantGroup;
			children = (
				1FD69FB71CE4BD3400624986 /* Base */,
			);
			name = Main.storyboard;
			sourceTree = "<group>";
		};
		1FD69FBB1CE4BD3400624986 /* LaunchScreen.storyboard */ = {
			isa = PBXVariantGroup;
			children = (
				1FD69FBC1CE4BD3400624986 /* Base */,
			);
			name = LaunchScreen.storyboard;
			sourceTree = "<group>";
		};
/* End PBXVariantGroup section */

/* Begin XCBuildConfiguration section */
		1FD69FD51CE4BD3400624986 /* Debug */ = {
			isa = XCBuildConfiguration;
			buildSettings = {
				ALWAYS_SEARCH_USER_PATHS = NO;
				CLANG_ANALYZER_NONNULL = YES;
				CLANG_CXX_LANGUAGE_STANDARD = "gnu++0x";
				CLANG_CXX_LIBRARY = "libc++";
				CLANG_ENABLE_MODULES = YES;
				CLANG_ENABLE_OBJC_ARC = YES;
				CLANG_WARN_BOOL_CONVERSION = YES;
				CLANG_WARN_CONSTANT_CONVERSION = YES;
				CLANG_WARN_DIRECT_OBJC_ISA_USAGE = YES_ERROR;
				CLANG_WARN_EMPTY_BODY = YES;
				CLANG_WARN_ENUM_CONVERSION = YES;
				CLANG_WARN_INT_CONVERSION = YES;
				CLANG_WARN_OBJC_ROOT_CLASS = YES_ERROR;
				CLANG_WARN_UNREACHABLE_CODE = YES;
				CLANG_WARN__DUPLICATE_METHOD_MATCH = YES;
				"CODE_SIGN_IDENTITY[sdk=iphoneos*]" = "iPhone Developer";
				COPY_PHASE_STRIP = NO;
				DEBUG_INFORMATION_FORMAT = dwarf;
				ENABLE_STRICT_OBJC_MSGSEND = YES;
				ENABLE_TESTABILITY = YES;
				GCC_C_LANGUAGE_STANDARD = gnu99;
				GCC_DYNAMIC_NO_PIC = NO;
				GCC_NO_COMMON_BLOCKS = YES;
				GCC_OPTIMIZATION_LEVEL = 0;
				GCC_PREPROCESSOR_DEFINITIONS = (
					"DEBUG=1",
					"$(inherited)",
				);
				GCC_WARN_64_TO_32_BIT_CONVERSION = YES;
				GCC_WARN_ABOUT_RETURN_TYPE = YES_ERROR;
				GCC_WARN_UNDECLARED_SELECTOR = YES;
				GCC_WARN_UNINITIALIZED_AUTOS = YES_AGGRESSIVE;
				GCC_WARN_UNUSED_FUNCTION = YES;
				GCC_WARN_UNUSED_VARIABLE = YES;
				IPHONEOS_DEPLOYMENT_TARGET = 9.3;
				MTL_ENABLE_DEBUG_INFO = YES;
				ONLY_ACTIVE_ARCH = YES;
				SDKROOT = iphoneos;
				SWIFT_OPTIMIZATION_LEVEL = "-Onone";
				TARGETED_DEVICE_FAMILY = "1,2";
			};
			name = Debug;
		};
		1FD69FD61CE4BD3400624986 /* Release */ = {
			isa = XCBuildConfiguration;
			buildSettings = {
				ALWAYS_SEARCH_USER_PATHS = NO;
				CLANG_ANALYZER_NONNULL = YES;
				CLANG_CXX_LANGUAGE_STANDARD = "gnu++0x";
				CLANG_CXX_LIBRARY = "libc++";
				CLANG_ENABLE_MODULES = YES;
				CLANG_ENABLE_OBJC_ARC = YES;
				CLANG_WARN_BOOL_CONVERSION = YES;
				CLANG_WARN_CONSTANT_CONVERSION = YES;
				CLANG_WARN_DIRECT_OBJC_ISA_USAGE = YES_ERROR;
				CLANG_WARN_EMPTY_BODY = YES;
				CLANG_WARN_ENUM_CONVERSION = YES;
				CLANG_WARN_INT_CONVERSION = YES;
				CLANG_WARN_OBJC_ROOT_CLASS = YES_ERROR;
				CLANG_WARN_UNREACHABLE_CODE = YES;
				CLANG_WARN__DUPLICATE_METHOD_MATCH = YES;
				"CODE_SIGN_IDENTITY[sdk=iphoneos*]" = "iPhone Developer";
				COPY_PHASE_STRIP = NO;
				DEBUG_INFORMATION_FORMAT = "dwarf-with-dsym";
				ENABLE_NS_ASSERTIONS = NO;
				ENABLE_STRICT_OBJC_MSGSEND = YES;
				GCC_C_LANGUAGE_STANDARD = gnu99;
				GCC_NO_COMMON_BLOCKS = YES;
				GCC_WARN_64_TO_32_BIT_CONVERSION = YES;
				GCC_WARN_ABOUT_RETURN_TYPE = YES_ERROR;
				GCC_WARN_UNDECLARED_SELECTOR = YES;
				GCC_WARN_UNINITIALIZED_AUTOS = YES_AGGRESSIVE;
				GCC_WARN_UNUSED_FUNCTION = YES;
				GCC_WARN_UNUSED_VARIABLE = YES;
				IPHONEOS_DEPLOYMENT_TARGET = 9.3;
				MTL_ENABLE_DEBUG_INFO = NO;
				SDKROOT = iphoneos;
				TARGETED_DEVICE_FAMILY = "1,2";
				VALIDATE_PRODUCT = YES;
			};
			name = Release;
		};
		1FD69FD81CE4BD3400624986 /* Debug */ = {
			isa = XCBuildConfiguration;
			buildSettings = {
				ASSETCATALOG_COMPILER_APPICON_NAME = AppIcon;
				INFOPLIST_FILE = MatchingGame/Info.plist;
				LD_RUNPATH_SEARCH_PATHS = "$(inherited) @executable_path/Frameworks";
				PRODUCT_BUNDLE_IDENTIFIER = lmx.MatchingGame;
				PRODUCT_NAME = "$(TARGET_NAME)";
			};
			name = Debug;
		};
		1FD69FD91CE4BD3400624986 /* Release */ = {
			isa = XCBuildConfiguration;
			buildSettings = {
				ASSETCATALOG_COMPILER_APPICON_NAME = AppIcon;
				INFOPLIST_FILE = MatchingGame/Info.plist;
				LD_RUNPATH_SEARCH_PATHS = "$(inherited) @executable_path/Frameworks";
				PRODUCT_BUNDLE_IDENTIFIER = lmx.MatchingGame;
				PRODUCT_NAME = "$(TARGET_NAME)";
			};
			name = Release;
		};
		1FD69FDB1CE4BD3400624986 /* Debug */ = {
			isa = XCBuildConfiguration;
			buildSettings = {
				BUNDLE_LOADER = "$(TEST_HOST)";
				INFOPLIST_FILE = MatchingGameTests/Info.plist;
				LD_RUNPATH_SEARCH_PATHS = "$(inherited) @executable_path/Frameworks @loader_path/Frameworks";
				PRODUCT_BUNDLE_IDENTIFIER = lmx.MatchingGameTests;
				PRODUCT_NAME = "$(TARGET_NAME)";
				TEST_HOST = "$(BUILT_PRODUCTS_DIR)/MatchingGame.app/MatchingGame";
			};
			name = Debug;
		};
		1FD69FDC1CE4BD3400624986 /* Release */ = {
			isa = XCBuildConfiguration;
			buildSettings = {
				BUNDLE_LOADER = "$(TEST_HOST)";
				INFOPLIST_FILE = MatchingGameTests/Info.plist;
				LD_RUNPATH_SEARCH_PATHS = "$(inherited) @executable_path/Frameworks @loader_path/Frameworks";
				PRODUCT_BUNDLE_IDENTIFIER = lmx.MatchingGameTests;
				PRODUCT_NAME = "$(TARGET_NAME)";
				TEST_HOST = "$(BUILT_PRODUCTS_DIR)/MatchingGame.app/MatchingGame";
			};
			name = Release;
		};
		1FD69FDE1CE4BD3400624986 /* Debug */ = {
			isa = XCBuildConfiguration;
			buildSettings = {
				INFOPLIST_FILE = MatchingGameUITests/Info.plist;
				LD_RUNPATH_SEARCH_PATHS = "$(inherited) @executable_path/Frameworks @loader_path/Frameworks";
				PRODUCT_BUNDLE_IDENTIFIER = lmx.MatchingGameUITests;
				PRODUCT_NAME = "$(TARGET_NAME)";
				TEST_TARGET_NAME = MatchingGame;
			};
			name = Debug;
		};
		1FD69FDF1CE4BD3400624986 /* Release */ = {
			isa = XCBuildConfiguration;
			buildSettings = {
				INFOPLIST_FILE = MatchingGameUITests/Info.plist;
				LD_RUNPATH_SEARCH_PATHS = "$(inherited) @executable_path/Frameworks @loader_path/Frameworks";
				PRODUCT_BUNDLE_IDENTIFIER = lmx.MatchingGameUITests;
				PRODUCT_NAME = "$(TARGET_NAME)";
				TEST_TARGET_NAME = MatchingGame;
			};
			name = Release;
		};
/* End XCBuildConfiguration section */

/* Begin XCConfigurationList section */
		1FD69FAA1CE4BD3400624986 /* Build configuration list for PBXProject "MatchingGame" */ = {
			isa = XCConfigurationList;
			buildConfigurations = (
				1FD69FD51CE4BD3400624986 /* Debug */,
				1FD69FD61CE4BD3400624986 /* Release */,
			);
			defaultConfigurationIsVisible = 0;
			defaultConfigurationName = Release;
		};
		1FD69FD71CE4BD3400624986 /* Build configuration list for PBXNativeTarget "MatchingGame" */ = {
			isa = XCConfigurationList;
			buildConfigurations = (
				1FD69FD81CE4BD3400624986 /* Debug */,
				1FD69FD91CE4BD3400624986 /* Release */,
			);
			defaultConfigurationIsVisible = 0;
			defaultConfigurationName = Release;
		};
		1FD69FDA1CE4BD3400624986 /* Build configuration list for PBXNativeTarget "MatchingGameTests" */ = {
			isa = XCConfigurationList;
			buildConfigurations = (
				1FD69FDB1CE4BD3400624986 /* Debug */,
				1FD69FDC1CE4BD3400624986 /* Release */,
			);
			defaultConfigurationIsVisible = 0;
			defaultConfigurationName = Release;
		};
		1FD69FDD1CE4BD3400624986 /* Build configuration list for PBXNativeTarget "MatchingGameUITests" */ = {
			isa = XCConfigurationList;
			buildConfigurations = (
				1FD69FDE1CE4BD3400624986 /* Debug */,
				1FD69FDF1CE4BD3400624986 /* Release */,
			);
			defaultConfigurationIsVisible = 0;
			defaultConfigurationName = Release;
		};
/* End XCConfigurationList section */
	};
	rootObject = 1FD69FA71CE4BD3400624986 /* Project object */;
}
